// !$*UTF8*$!
{
	archiveVersion = 1;
	classes = {
	};
	objectVersion = 48;
	objects = {

/* Begin PBXBuildFile section */
		7C165E2F1FCBE42C00255A34 /* AppDelegate.swift in Sources */ = {isa = PBXBuildFile; fileRef = 7C165E2E1FCBE42C00255A34 /* AppDelegate.swift */; };
		7C165E311FCBE42C00255A34 /* ViewController.swift in Sources */ = {isa = PBXBuildFile; fileRef = 7C165E301FCBE42C00255A34 /* ViewController.swift */; };
		7C165E341FCBE42C00255A34 /* Main.storyboard in Resources */ = {isa = PBXBuildFile; fileRef = 7C165E321FCBE42C00255A34 /* Main.storyboard */; };
		7C165E361FCBE42C00255A34 /* Assets.xcassets in Resources */ = {isa = PBXBuildFile; fileRef = 7C165E351FCBE42C00255A34 /* Assets.xcassets */; };
		7C165E391FCBE42C00255A34 /* LaunchScreen.storyboard in Resources */ = {isa = PBXBuildFile; fileRef = 7C165E371FCBE42C00255A34 /* LaunchScreen.storyboard */; };
		7C165E431FCBE78A00255A34 /* LoginViewController.swift in Sources */ = {isa = PBXBuildFile; fileRef = 7C165E421FCBE78A00255A34 /* LoginViewController.swift */; };
		7C165E451FCBFEA400255A34 /* SignUpViewController.swift in Sources */ = {isa = PBXBuildFile; fileRef = 7C165E441FCBFEA400255A34 /* SignUpViewController.swift */; };
		7C165E4A1FCC1F0C00255A34 /* Model.xcdatamodeld in Sources */ = {isa = PBXBuildFile; fileRef = 7C165E481FCC1F0C00255A34 /* Model.xcdatamodeld */; };
		7C165E4D1FCC201B00255A34 /* SignInUp+CoreDataClass.swift in Sources */ = {isa = PBXBuildFile; fileRef = 7C165E4B1FCC201B00255A34 /* SignInUp+CoreDataClass.swift */; };
		7C165E4E1FCC201B00255A34 /* SignInUp+CoreDataProperties.swift in Sources */ = {isa = PBXBuildFile; fileRef = 7C165E4C1FCC201B00255A34 /* SignInUp+CoreDataProperties.swift */; };
		7C6BD3371FCD28020082704B /* WelcomeLoginViewController.swift in Sources */ = {isa = PBXBuildFile; fileRef = 7C6BD3361FCD28020082704B /* WelcomeLoginViewController.swift */; };
		7C75B6A91FCEB8B70002C9C6 /* LogoutViewController.swift in Sources */ = {isa = PBXBuildFile; fileRef = 7C75B6A81FCEB8B70002C9C6 /* LogoutViewController.swift */; };
		7C8598311FD13E8D00423FD6 /* ChangePasswordViewController.swift in Sources */ = {isa = PBXBuildFile; fileRef = 7C85982F1FD13E8D00423FD6 /* ChangePasswordViewController.swift */; };
		7C8598321FD13E8D00423FD6 /* ChangePasswordViewController.xib in Resources */ = {isa = PBXBuildFile; fileRef = 7C8598301FD13E8D00423FD6 /* ChangePasswordViewController.xib */; };
		7C85CCBA1FD7C989006DC48F /* SignInArtistsViewController.swift in Sources */ = {isa = PBXBuildFile; fileRef = 7C85CCB91FD7C989006DC48F /* SignInArtistsViewController.swift */; };
		7C85CCBC1FD7CA02006DC48F /* SignInArtistTableViewCell.swift in Sources */ = {isa = PBXBuildFile; fileRef = 7C85CCBB1FD7CA02006DC48F /* SignInArtistTableViewCell.swift */; };
		7CC69C181FCFED4E00790A26 /* SettingsViewController.swift in Sources */ = {isa = PBXBuildFile; fileRef = 7CC69C171FCFED4D00790A26 /* SettingsViewController.swift */; };
		7CF2AC3E1FD50F7000979E97 /* ForgetPasswordViewController.swift in Sources */ = {isa = PBXBuildFile; fileRef = 7CF2AC3C1FD50F7000979E97 /* ForgetPasswordViewController.swift */; };
		7CF2AC3F1FD50F7000979E97 /* ForgetPasswordViewController.xib in Resources */ = {isa = PBXBuildFile; fileRef = 7CF2AC3D1FD50F7000979E97 /* ForgetPasswordViewController.xib */; };
		7CF2AC411FD517F600979E97 /* SignInInterestsViewController.swift in Sources */ = {isa = PBXBuildFile; fileRef = 7CF2AC401FD517F600979E97 /* SignInInterestsViewController.swift */; };
/* End PBXBuildFile section */

/* Begin PBXFileReference section */
		7C165E2E1FCBE42C00255A34 /* AppDelegate.swift */ = {isa = PBXFileReference; lastKnownFileType = sourcecode.swift; path = AppDelegate.swift; sourceTree = "<group>"; };
		7C165E301FCBE42C00255A34 /* ViewController.swift */ = {isa = PBXFileReference; lastKnownFileType = sourcecode.swift; path = ViewController.swift; sourceTree = "<group>"; };
		7C165E331FCBE42C00255A34 /* Base */ = {isa = PBXFileReference; lastKnownFileType = file.storyboard; name = Base; path = Base.lproj/Main.storyboard; sourceTree = "<group>"; };
		7C165E351FCBE42C00255A34 /* Assets.xcassets */ = {isa = PBXFileReference; lastKnownFileType = folder.assetcatalog; path = Assets.xcassets; sourceTree = "<group>"; };
		7C165E381FCBE42C00255A34 /* Base */ = {isa = PBXFileReference; lastKnownFileType = file.storyboard; name = Base; path = Base.lproj/LaunchScreen.storyboard; sourceTree = "<group>"; };
		7C165E3A1FCBE42C00255A34 /* Info.plist */ = {isa = PBXFileReference; lastKnownFileType = text.plist.xml; path = Info.plist; sourceTree = "<group>"; };
		7C165E421FCBE78A00255A34 /* LoginViewController.swift */ = {isa = PBXFileReference; lastKnownFileType = sourcecode.swift; path = LoginViewController.swift; sourceTree = "<group>"; };
		7C165E441FCBFEA400255A34 /* SignUpViewController.swift */ = {isa = PBXFileReference; lastKnownFileType = sourcecode.swift; path = SignUpViewController.swift; sourceTree = "<group>"; };
		7C165E471FCC1D2400255A34 /* CoreData.framework */ = {isa = PBXFileReference; lastKnownFileType = wrapper.framework; name = CoreData.framework; path = System/Library/Frameworks/CoreData.framework; sourceTree = SDKROOT; };
		7C165E491FCC1F0C00255A34 /* Model.xcdatamodel */ = {isa = PBXFileReference; lastKnownFileType = wrapper.xcdatamodel; path = Model.xcdatamodel; sourceTree = "<group>"; };
		7C165E4B1FCC201B00255A34 /* SignInUp+CoreDataClass.swift */ = {isa = PBXFileReference; lastKnownFileType = sourcecode.swift; path = "SignInUp+CoreDataClass.swift"; sourceTree = "<group>"; };
		7C165E4C1FCC201B00255A34 /* SignInUp+CoreDataProperties.swift */ = {isa = PBXFileReference; lastKnownFileType = sourcecode.swift; path = "SignInUp+CoreDataProperties.swift"; sourceTree = "<group>"; };
		7C6BD3361FCD28020082704B /* WelcomeLoginViewController.swift */ = {isa = PBXFileReference; lastKnownFileType = sourcecode.swift; path = WelcomeLoginViewController.swift; sourceTree = "<group>"; };
		7C75B6A81FCEB8B70002C9C6 /* LogoutViewController.swift */ = {isa = PBXFileReference; lastKnownFileType = sourcecode.swift; path = LogoutViewController.swift; sourceTree = "<group>"; };
		7C85982F1FD13E8D00423FD6 /* ChangePasswordViewController.swift */ = {isa = PBXFileReference; lastKnownFileType = sourcecode.swift; path = ChangePasswordViewController.swift; sourceTree = "<group>"; };
		7C8598301FD13E8D00423FD6 /* ChangePasswordViewController.xib */ = {isa = PBXFileReference; lastKnownFileType = file.xib; path = ChangePasswordViewController.xib; sourceTree = "<group>"; };
		7C85CCB81FD7BAB5006DC48F /* LoginAndRegister.app */ = {isa = PBXFileReference; explicitFileType = wrapper.application; includeInIndex = 0; path = LoginAndRegister.app; sourceTree = BUILT_PRODUCTS_DIR; };
		7C85CCB91FD7C989006DC48F /* SignInArtistsViewController.swift */ = {isa = PBXFileReference; lastKnownFileType = sourcecode.swift; path = SignInArtistsViewController.swift; sourceTree = "<group>"; };
		7C85CCBB1FD7CA02006DC48F /* SignInArtistTableViewCell.swift */ = {isa = PBXFileReference; lastKnownFileType = sourcecode.swift; path = SignInArtistTableViewCell.swift; sourceTree = "<group>"; };
		7CC69C171FCFED4D00790A26 /* SettingsViewController.swift */ = {isa = PBXFileReference; lastKnownFileType = sourcecode.swift; path = SettingsViewController.swift; sourceTree = "<group>"; };
		7CF2AC3C1FD50F7000979E97 /* ForgetPasswordViewController.swift */ = {isa = PBXFileReference; lastKnownFileType = sourcecode.swift; path = ForgetPasswordViewController.swift; sourceTree = "<group>"; };
		7CF2AC3D1FD50F7000979E97 /* ForgetPasswordViewController.xib */ = {isa = PBXFileReference; lastKnownFileType = file.xib; path = ForgetPasswordViewController.xib; sourceTree = "<group>"; };
		7CF2AC401FD517F600979E97 /* SignInInterestsViewController.swift */ = {isa = PBXFileReference; lastKnownFileType = sourcecode.swift; path = SignInInterestsViewController.swift; sourceTree = "<group>"; };
/* End PBXFileReference section */

/* Begin PBXFrameworksBuildPhase section */
		7C165E281FCBE42C00255A34 /* Frameworks */ = {
			isa = PBXFrameworksBuildPhase;
			buildActionMask = 2147483647;
			files = (
			);
			runOnlyForDeploymentPostprocessing = 0;
		};
/* End PBXFrameworksBuildPhase section */

/* Begin PBXGroup section */
		7C165E221FCBE42B00255A34 = {
			isa = PBXGroup;
			children = (
				7C165E4B1FCC201B00255A34 /* SignInUp+CoreDataClass.swift */,
				7C165E4C1FCC201B00255A34 /* SignInUp+CoreDataProperties.swift */,
				7C165E2D1FCBE42C00255A34 /* LoginAndRegister */,
				7C165E461FCC1D2400255A34 /* Frameworks */,
				7C85CCB81FD7BAB5006DC48F /* LoginAndRegister.app */,
			);
			sourceTree = "<group>";
		};
		7C165E2D1FCBE42C00255A34 /* LoginAndRegister */ = {
			isa = PBXGroup;
			children = (
				7C8598371FD16F3200423FD6 /* SignIn */,
				7CA396241FCEE9A3005155E9 /* Profile */,
				7C165E2E1FCBE42C00255A34 /* AppDelegate.swift */,
				7C165E301FCBE42C00255A34 /* ViewController.swift */,
				7C165E421FCBE78A00255A34 /* LoginViewController.swift */,
				7C165E441FCBFEA400255A34 /* SignUpViewController.swift */,
				7C165E321FCBE42C00255A34 /* Main.storyboard */,
				7C165E351FCBE42C00255A34 /* Assets.xcassets */,
				7C165E371FCBE42C00255A34 /* LaunchScreen.storyboard */,
				7C165E3A1FCBE42C00255A34 /* Info.plist */,
				7C165E481FCC1F0C00255A34 /* Model.xcdatamodeld */,
			);
			path = LoginAndRegister;
			sourceTree = "<group>";
		};
		7C165E461FCC1D2400255A34 /* Frameworks */ = {
			isa = PBXGroup;
			children = (
				7C165E471FCC1D2400255A34 /* CoreData.framework */,
			);
			name = Frameworks;
			sourceTree = "<group>";
		};
		7C8598371FD16F3200423FD6 /* SignIn */ = {
			isa = PBXGroup;
			children = (
				7CF2AC3C1FD50F7000979E97 /* ForgetPasswordViewController.swift */,
				7CF2AC3D1FD50F7000979E97 /* ForgetPasswordViewController.xib */,
				7CF2AC401FD517F600979E97 /* SignInInterestsViewController.swift */,
				7C85CCB91FD7C989006DC48F /* SignInArtistsViewController.swift */,
				7C85CCBB1FD7CA02006DC48F /* SignInArtistTableViewCell.swift */,
			);
			path = SignIn;
			sourceTree = "<group>";
		};
		7CA396241FCEE9A3005155E9 /* Profile */ = {
			isa = PBXGroup;
			children = (
				7C85982F1FD13E8D00423FD6 /* ChangePasswordViewController.swift */,
				7C8598301FD13E8D00423FD6 /* ChangePasswordViewController.xib */,
				7C6BD3361FCD28020082704B /* WelcomeLoginViewController.swift */,
				7C75B6A81FCEB8B70002C9C6 /* LogoutViewController.swift */,
				7CC69C171FCFED4D00790A26 /* SettingsViewController.swift */,
			);
			path = Profile;
			sourceTree = "<group>";
		};
/* End PBXGroup section */

/* Begin PBXNativeTarget section */
		7C165E2A1FCBE42C00255A34 /* LoginAndRegister */ = {
			isa = PBXNativeTarget;
			buildConfigurationList = 7C165E3D1FCBE42C00255A34 /* Build configuration list for PBXNativeTarget "LoginAndRegister" */;
			buildPhases = (
				7C165E271FCBE42C00255A34 /* Sources */,
				7C165E281FCBE42C00255A34 /* Frameworks */,
				7C165E291FCBE42C00255A34 /* Resources */,
			);
			buildRules = (
			);
			dependencies = (
			);
			name = LoginAndRegister;
			productName = LoginAndRegister;
			productReference = 7C85CCB81FD7BAB5006DC48F /* LoginAndRegister.app */;
			productType = "com.apple.product-type.application";
		};
/* End PBXNativeTarget section */

/* Begin PBXProject section */
		7C165E231FCBE42B00255A34 /* Project object */ = {
			isa = PBXProject;
			attributes = {
				LastSwiftUpdateCheck = 0920;
				LastUpgradeCheck = 0920;
				ORGANIZATIONNAME = Sharad;
				TargetAttributes = {
					7C165E2A1FCBE42C00255A34 = {
						CreatedOnToolsVersion = 9.2;
						ProvisioningStyle = Manual;
						SystemCapabilities = {
							com.apple.BackgroundModes = {
								enabled = 0;
							};
						};
					};
				};
			};
			buildConfigurationList = 7C165E261FCBE42B00255A34 /* Build configuration list for PBXProject "LoginAndRegister" */;
			compatibilityVersion = "Xcode 8.0";
			developmentRegion = en;
			hasScannedForEncodings = 0;
			knownRegions = (
				en,
				Base,
			);
			mainGroup = 7C165E221FCBE42B00255A34;
			productRefGroup = 7C165E221FCBE42B00255A34;
			projectDirPath = "";
			projectRoot = "";
			targets = (
				7C165E2A1FCBE42C00255A34 /* LoginAndRegister */,
			);
		};
/* End PBXProject section */

/* Begin PBXResourcesBuildPhase section */
		7C165E291FCBE42C00255A34 /* Resources */ = {
			isa = PBXResourcesBuildPhase;
			buildActionMask = 2147483647;
			files = (
				7C165E391FCBE42C00255A34 /* LaunchScreen.storyboard in Resources */,
				7C165E361FCBE42C00255A34 /* Assets.xcassets in Resources */,
				7C8598321FD13E8D00423FD6 /* ChangePasswordViewController.xib in Resources */,
				7C165E341FCBE42C00255A34 /* Main.storyboard in Resources */,
				7CF2AC3F1FD50F7000979E97 /* ForgetPasswordViewController.xib in Resources */,
			);
			runOnlyForDeploymentPostprocessing = 0;
		};
/* End PBXResourcesBuildPhase section */

/* Begin PBXSourcesBuildPhase section */
		7C165E271FCBE42C00255A34 /* Sources */ = {
			isa = PBXSourcesBuildPhase;
			buildActionMask = 2147483647;
			files = (
				7CF2AC411FD517F600979E97 /* SignInInterestsViewController.swift in Sources */,
				7C165E4D1FCC201B00255A34 /* SignInUp+CoreDataClass.swift in Sources */,
				7C165E4E1FCC201B00255A34 /* SignInUp+CoreDataProperties.swift in Sources */,
				7C85CCBA1FD7C989006DC48F /* SignInArtistsViewController.swift in Sources */,
				7C85CCBC1FD7CA02006DC48F /* SignInArtistTableViewCell.swift in Sources */,
				7C165E431FCBE78A00255A34 /* LoginViewController.swift in Sources */,
				7C165E311FCBE42C00255A34 /* ViewController.swift in Sources */,
				7C165E4A1FCC1F0C00255A34 /* Model.xcdatamodeld in Sources */,
				7C165E451FCBFEA400255A34 /* SignUpViewController.swift in Sources */,
				7CF2AC3E1FD50F7000979E97 /* ForgetPasswordViewController.swift in Sources */,
				7C6BD3371FCD28020082704B /* WelcomeLoginViewController.swift in Sources */,
				7C75B6A91FCEB8B70002C9C6 /* LogoutViewController.swift in Sources */,
				7C8598311FD13E8D00423FD6 /* ChangePasswordViewController.swift in Sources */,
				7C165E2F1FCBE42C00255A34 /* AppDelegate.swift in Sources */,
				7CC69C181FCFED4E00790A26 /* SettingsViewController.swift in Sources */,
			);
			runOnlyForDeploymentPostprocessing = 0;
		};
/* End PBXSourcesBuildPhase section */

/* Begin PBXVariantGroup section */
		7C165E321FCBE42C00255A34 /* Main.storyboard */ = {
			isa = PBXVariantGroup;
			children = (
				7C165E331FCBE42C00255A34 /* Base */,
			);
			name = Main.storyboard;
			sourceTree = "<group>";
		};
		7C165E371FCBE42C00255A34 /* LaunchScreen.storyboard */ = {
			isa = PBXVariantGroup;
			children = (
				7C165E381FCBE42C00255A34 /* Base */,
			);
			name = LaunchScreen.storyboard;
			sourceTree = "<group>";
		};
/* End PBXVariantGroup section */

/* Begin XCBuildConfiguration section */
		7C165E3B1FCBE42C00255A34 /* Debug */ = {
			isa = XCBuildConfiguration;
			buildSettings = {
				ALWAYS_SEARCH_USER_PATHS = NO;
				CLANG_ANALYZER_NONNULL = YES;
				CLANG_ANALYZER_NUMBER_OBJECT_CONVERSION = YES_AGGRESSIVE;
				CLANG_CXX_LANGUAGE_STANDARD = "gnu++14";
				CLANG_CXX_LIBRARY = "libc++";
				CLANG_ENABLE_MODULES = YES;
				CLANG_ENABLE_OBJC_ARC = YES;
				CLANG_WARN_BLOCK_CAPTURE_AUTORELEASING = YES;
				CLANG_WARN_BOOL_CONVERSION = YES;
				CLANG_WARN_COMMA = YES;
				CLANG_WARN_CONSTANT_CONVERSION = YES;
				CLANG_WARN_DIRECT_OBJC_ISA_USAGE = YES_ERROR;
				CLANG_WARN_DOCUMENTATION_COMMENTS = YES;
				CLANG_WARN_EMPTY_BODY = YES;
				CLANG_WARN_ENUM_CONVERSION = YES;
				CLANG_WARN_INFINITE_RECURSION = YES;
				CLANG_WARN_INT_CONVERSION = YES;
				CLANG_WARN_NON_LITERAL_NULL_CONVERSION = YES;
				CLANG_WARN_OBJC_LITERAL_CONVERSION = YES;
				CLANG_WARN_OBJC_ROOT_CLASS = YES_ERROR;
				CLANG_WARN_RANGE_LOOP_ANALYSIS = YES;
				CLANG_WARN_STRICT_PROTOTYPES = YES;
				CLANG_WARN_SUSPICIOUS_MOVE = YES;
				CLANG_WARN_UNGUARDED_AVAILABILITY = YES_AGGRESSIVE;
				CLANG_WARN_UNREACHABLE_CODE = YES;
				CLANG_WARN__DUPLICATE_METHOD_MATCH = YES;
				CODE_SIGN_IDENTITY = "iPhone Developer";
				COPY_PHASE_STRIP = NO;
				DEBUG_INFORMATION_FORMAT = dwarf;
				ENABLE_STRICT_OBJC_MSGSEND = YES;
				ENABLE_TESTABILITY = YES;
				GCC_C_LANGUAGE_STANDARD = gnu11;
				GCC_DYNAMIC_NO_PIC = NO;
				GCC_NO_COMMON_BLOCKS = YES;
				GCC_OPTIMIZATION_LEVEL = 0;
				GCC_PREPROCESSOR_DEFINITIONS = (
					"DEBUG=1",
					"$(inherited)",
				);
				GCC_WARN_64_TO_32_BIT_CONVERSION = YES;
				GCC_WARN_ABOUT_RETURN_TYPE = YES_ERROR;
				GCC_WARN_UNDECLARED_SELECTOR = YES;
				GCC_WARN_UNINITIALIZED_AUTOS = YES_AGGRESSIVE;
				GCC_WARN_UNUSED_FUNCTION = YES;
				GCC_WARN_UNUSED_VARIABLE = YES;
				IPHONEOS_DEPLOYMENT_TARGET = 11.2;
				MTL_ENABLE_DEBUG_INFO = YES;
				ONLY_ACTIVE_ARCH = YES;
				SDKROOT = iphoneos;
				SWIFT_ACTIVE_COMPILATION_CONDITIONS = DEBUG;
				SWIFT_OPTIMIZATION_LEVEL = "-Onone";
			};
			name = Debug;
		};
		7C165E3C1FCBE42C00255A34 /* Release */ = {
			isa = XCBuildConfiguration;
			buildSettings = {
				ALWAYS_SEARCH_USER_PATHS = NO;
				CLANG_ANALYZER_NONNULL = YES;
				CLANG_ANALYZER_NUMBER_OBJECT_CONVERSION = YES_AGGRESSIVE;
				CLANG_CXX_LANGUAGE_STANDARD = "gnu++14";
				CLANG_CXX_LIBRARY = "libc++";
				CLANG_ENABLE_MODULES = YES;
				CLANG_ENABLE_OBJC_ARC = YES;
				CLANG_WARN_BLOCK_CAPTURE_AUTORELEASING = YES;
				CLANG_WARN_BOOL_CONVERSION = YES;
				CLANG_WARN_COMMA = YES;
				CLANG_WARN_CONSTANT_CONVERSION = YES;
				CLANG_WARN_DIRECT_OBJC_ISA_USAGE = YES_ERROR;
				CLANG_WARN_DOCUMENTATION_COMMENTS = YES;
				CLANG_WARN_EMPTY_BODY = YES;
				CLANG_WARN_ENUM_CONVERSION = YES;
				CLANG_WARN_INFINITE_RECURSION = YES;
				CLANG_WARN_INT_CONVERSION = YES;
				CLANG_WARN_NON_LITERAL_NULL_CONVERSION = YES;
				CLANG_WARN_OBJC_LITERAL_CONVERSION = YES;
				CLANG_WARN_OBJC_ROOT_CLASS = YES_ERROR;
				CLANG_WARN_RANGE_LOOP_ANALYSIS = YES;
				CLANG_WARN_STRICT_PROTOTYPES = YES;
				CLANG_WARN_SUSPICIOUS_MOVE = YES;
				CLANG_WARN_UNGUARDED_AVAILABILITY = YES_AGGRESSIVE;
				CLANG_WARN_UNREACHABLE_CODE = YES;
				CLANG_WARN__DUPLICATE_METHOD_MATCH = YES;
				CODE_SIGN_IDENTITY = "iPhone Developer";
				COPY_PHASE_STRIP = NO;
				DEBUG_INFORMATION_FORMAT = "dwarf-with-dsym";
				ENABLE_NS_ASSERTIONS = NO;
				ENABLE_STRICT_OBJC_MSGSEND = YES;
				GCC_C_LANGUAGE_STANDARD = gnu11;
				GCC_NO_COMMON_BLOCKS = YES;
				GCC_WARN_64_TO_32_BIT_CONVERSION = YES;
				GCC_WARN_ABOUT_RETURN_TYPE = YES_ERROR;
				GCC_WARN_UNDECLARED_SELECTOR = YES;
				GCC_WARN_UNINITIALIZED_AUTOS = YES_AGGRESSIVE;
				GCC_WARN_UNUSED_FUNCTION = YES;
				GCC_WARN_UNUSED_VARIABLE = YES;
				IPHONEOS_DEPLOYMENT_TARGET = 11.2;
				MTL_ENABLE_DEBUG_INFO = NO;
				SDKROOT = iphoneos;
				SWIFT_OPTIMIZATION_LEVEL = "-Owholemodule";
				VALIDATE_PRODUCT = YES;
			};
			name = Release;
		};
		7C165E3E1FCBE42C00255A34 /* Debug */ = {
			isa = XCBuildConfiguration;
			buildSettings = {
				ASSETCATALOG_COMPILER_APPICON_NAME = AppIcon;
				CODE_SIGN_STYLE = Manual;
				DEVELOPMENT_TEAM = "";
				INFOPLIST_FILE = LoginAndRegister/Info.plist;
				LD_RUNPATH_SEARCH_PATHS = "$(inherited) @executable_path/Frameworks";
				PRODUCT_BUNDLE_IDENTIFIER = com.sharad.mobisoft.LoginAndRegister;
				PRODUCT_NAME = "$(TARGET_NAME)";
				PROVISIONING_PROFILE_SPECIFIER = "";
				SWIFT_VERSION = 4.0;
				TARGETED_DEVICE_FAMILY = "1,2";
			};
			name = Debug;
		};
		7C165E3F1FCBE42C00255A34 /* Release */ = {
			isa = XCBuildConfiguration;
			buildSettings = {
				ASSETCATALOG_COMPILER_APPICON_NAME = AppIcon;
				CODE_SIGN_STYLE = Manual;
				DEVELOPMENT_TEAM = "";
				INFOPLIST_FILE = LoginAndRegister/Info.plist;
				LD_RUNPATH_SEARCH_PATHS = "$(inherited) @executable_path/Frameworks";
				PRODUCT_BUNDLE_IDENTIFIER = com.sharad.mobisoft.LoginAndRegister;
				PRODUCT_NAME = "$(TARGET_NAME)";
				PROVISIONING_PROFILE_SPECIFIER = "";
				SWIFT_VERSION = 4.0;
				TARGETED_DEVICE_FAMILY = "1,2";
			};
			name = Release;
		};
/* End XCBuildConfiguration section */

/* Begin XCConfigurationList section */
		7C165E261FCBE42B00255A34 /* Build configuration list for PBXProject "LoginAndRegister" */ = {
			isa = XCConfigurationList;
			buildConfigurations = (
				7C165E3B1FCBE42C00255A34 /* Debug */,
				7C165E3C1FCBE42C00255A34 /* Release */,
			);
			defaultConfigurationIsVisible = 0;
			defaultConfigurationName = Release;
		};
		7C165E3D1FCBE42C00255A34 /* Build configuration list for PBXNativeTarget "LoginAndRegister" */ = {
			isa = XCConfigurationList;
			buildConfigurations = (
				7C165E3E1FCBE42C00255A34 /* Debug */,
				7C165E3F1FCBE42C00255A34 /* Release */,
			);
			defaultConfigurationIsVisible = 0;
			defaultConfigurationName = Release;
		};
/* End XCConfigurationList section */

/* Begin XCVersionGroup section */
		7C165E481FCC1F0C00255A34 /* Model.xcdatamodeld */ = {
			isa = XCVersionGroup;
			children = (
				7C165E491FCC1F0C00255A34 /* Model.xcdatamodel */,
			);
			currentVersion = 7C165E491FCC1F0C00255A34 /* Model.xcdatamodel */;
			path = Model.xcdatamodeld;
			sourceTree = "<group>";
			versionGroupType = wrapper.xcdatamodel;
		};
/* End XCVersionGroup section */
	};
	rootObject = 7C165E231FCBE42B00255A34 /* Project object */;
}
